
Microsoft Visual Studio Solution File, Format Version 12.00
# Visual Studio 15
VisualStudioVersion = 15.0.27130.2027
MinimumVisualStudioVersion = 10.0.40219.1
Project("{8BC9CEB8-8B4A-11D0-8D11-00A0C91BC942}") = "IKABot", "IKABot\IKABot.vcxproj", "{D9EED381-0FFB-407B-B12E-F9419DA6B8C4}"
EndProject
Global
	GlobalSection(SolutionConfigurationPlatforms) = preSolution
		Debug|x64 = Debug|x64
		Debug|x86 = Debug|x86
		Release|x64 = Release|x64
		Release|x86 = Release|x86
	EndGlobalSection
	GlobalSection(ProjectConfigurationPlatforms) = postSolution
		{D9EED381-0FFB-407B-B12E-F9419DA6B8C4}.Debug|x64.ActiveCfg = Debug|x64
		{D9EED381-0FFB-407B-B12E-F9419DA6B8C4}.Debug|x64.Build.0 = Debug|x64
		{D9EED381-0FFB-407B-B12E-F9419DA6B8C4}.Debug|x86.ActiveCfg = Debug|Win32
		{D9EED381-0FFB-407B-B12E-F9419DA6B8C4}.Debug|x86.Build.0 = Debug|Win32
		{D9EED381-0FFB-407B-B12E-F9419DA6B8C4}.Release|x64.ActiveCfg = Release|x64
		{D9EED381-0FFB-407B-B12E-F9419DA6B8C4}.Release|x64.Build.0 = Release|x64
		{D9EED381-0FFB-407B-B12E-F9419DA6B8C4}.Release|x86.ActiveCfg = Release|Win32
		{D9EED381-0FFB-407B-B12E-F9419DA6B8C4}.Release|x86.Build.0 = Release|Win32
	EndGlobalSection
	GlobalSection(SolutionProperties) = preSolution
		HideSolutionNode = FALSE
	EndGlobalSection
	GlobalSection(ExtensibilityGlobals) = postSolution
		SolutionGuid = {B7C5A3EE-4B26-4AAF-95B0-3E77B16CA2C8}
	EndGlobalSection
EndGlobal
